// !$*UTF8*$!
{
	archiveVersion = 1;
	classes = {
	};
	objectVersion = 48;
	objects = {

/* Begin PBXBuildFile section */
		63A65C5EF1902A36165F1839 /* Pods_Instagram.framework in Frameworks */ = {isa = PBXBuildFile; fileRef = AAA2315B0F6A2B0F6E098332 /* Pods_Instagram.framework */; };
		885857BD2108B69E008644B2 /* GoogleService-Info.plist in Resources */ = {isa = PBXBuildFile; fileRef = 885857BC2108B69E008644B2 /* GoogleService-Info.plist */; };
		8864AEE5210A2BB90015E289 /* Const.swift in Sources */ = {isa = PBXBuildFile; fileRef = 8864AEE4210A2BB90015E289 /* Const.swift */; };
		8864AEE7210A2D3E0015E289 /* PostData.swift in Sources */ = {isa = PBXBuildFile; fileRef = 8864AEE6210A2D3E0015E289 /* PostData.swift */; };
		8864AEEA210A2DCC0015E289 /* PostTableViewCell.swift in Sources */ = {isa = PBXBuildFile; fileRef = 8864AEE8210A2DCC0015E289 /* PostTableViewCell.swift */; };
		8864AEEB210A2DCC0015E289 /* PostTableViewCell.xib in Resources */ = {isa = PBXBuildFile; fileRef = 8864AEE9210A2DCC0015E289 /* PostTableViewCell.xib */; };
		887265662107975E00ACF6A1 /* AppDelegate.swift in Sources */ = {isa = PBXBuildFile; fileRef = 887265652107975E00ACF6A1 /* AppDelegate.swift */; };
		887265682107975E00ACF6A1 /* ViewController.swift in Sources */ = {isa = PBXBuildFile; fileRef = 887265672107975E00ACF6A1 /* ViewController.swift */; };
		8872656B2107975E00ACF6A1 /* Main.storyboard in Resources */ = {isa = PBXBuildFile; fileRef = 887265692107975E00ACF6A1 /* Main.storyboard */; };
		8872656D2107975F00ACF6A1 /* Assets.xcassets in Resources */ = {isa = PBXBuildFile; fileRef = 8872656C2107975F00ACF6A1 /* Assets.xcassets */; };
		887265702107975F00ACF6A1 /* LaunchScreen.storyboard in Resources */ = {isa = PBXBuildFile; fileRef = 8872656E2107975F00ACF6A1 /* LaunchScreen.storyboard */; };
		887265782107981100ACF6A1 /* LoginViewController.swift in Sources */ = {isa = PBXBuildFile; fileRef = 887265772107981100ACF6A1 /* LoginViewController.swift */; };
		8872657A2107982500ACF6A1 /* HomeViewController.swift in Sources */ = {isa = PBXBuildFile; fileRef = 887265792107982500ACF6A1 /* HomeViewController.swift */; };
		8872657C2107983900ACF6A1 /* ImageSelectViewController.swift in Sources */ = {isa = PBXBuildFile; fileRef = 8872657B2107983900ACF6A1 /* ImageSelectViewController.swift */; };
		8872657E2107984A00ACF6A1 /* PostViewController.swift in Sources */ = {isa = PBXBuildFile; fileRef = 8872657D2107984A00ACF6A1 /* PostViewController.swift */; };
		887265802107985E00ACF6A1 /* SettingViewController.swift in Sources */ = {isa = PBXBuildFile; fileRef = 8872657F2107985E00ACF6A1 /* SettingViewController.swift */; };
/* End PBXBuildFile section */

/* Begin PBXFileReference section */
		220D117BDC0F7BA267B0F0F1 /* Pods-Instagram.debug.xcconfig */ = {isa = PBXFileReference; includeInIndex = 1; lastKnownFileType = text.xcconfig; name = "Pods-Instagram.debug.xcconfig"; path = "Pods/Target Support Files/Pods-Instagram/Pods-Instagram.debug.xcconfig"; sourceTree = "<group>"; };
		885857BC2108B69E008644B2 /* GoogleService-Info.plist */ = {isa = PBXFileReference; fileEncoding = 4; lastKnownFileType = text.plist.xml; path = "GoogleService-Info.plist"; sourceTree = SOURCE_ROOT; };
		8864AEE4210A2BB90015E289 /* Const.swift */ = {isa = PBXFileReference; lastKnownFileType = sourcecode.swift; path = Const.swift; sourceTree = "<group>"; };
		8864AEE6210A2D3E0015E289 /* PostData.swift */ = {isa = PBXFileReference; lastKnownFileType = sourcecode.swift; path = PostData.swift; sourceTree = "<group>"; };
		8864AEE8210A2DCC0015E289 /* PostTableViewCell.swift */ = {isa = PBXFileReference; lastKnownFileType = sourcecode.swift; path = PostTableViewCell.swift; sourceTree = "<group>"; };
		8864AEE9210A2DCC0015E289 /* PostTableViewCell.xib */ = {isa = PBXFileReference; lastKnownFileType = file.xib; path = PostTableViewCell.xib; sourceTree = "<group>"; };
		887265622107975D00ACF6A1 /* Instagram.app */ = {isa = PBXFileReference; explicitFileType = wrapper.application; includeInIndex = 0; path = Instagram.app; sourceTree = BUILT_PRODUCTS_DIR; };
		887265652107975E00ACF6A1 /* AppDelegate.swift */ = {isa = PBXFileReference; lastKnownFileType = sourcecode.swift; path = AppDelegate.swift; sourceTree = "<group>"; };
		887265672107975E00ACF6A1 /* ViewController.swift */ = {isa = PBXFileReference; lastKnownFileType = sourcecode.swift; path = ViewController.swift; sourceTree = "<group>"; };
		8872656A2107975E00ACF6A1 /* Base */ = {isa = PBXFileReference; lastKnownFileType = file.storyboard; name = Base; path = Base.lproj/Main.storyboard; sourceTree = "<group>"; };
		8872656C2107975F00ACF6A1 /* Assets.xcassets */ = {isa = PBXFileReference; lastKnownFileType = folder.assetcatalog; path = Assets.xcassets; sourceTree = "<group>"; };
		8872656F2107975F00ACF6A1 /* Base */ = {isa = PBXFileReference; lastKnownFileType = file.storyboard; name = Base; path = Base.lproj/LaunchScreen.storyboard; sourceTree = "<group>"; };
		887265712107975F00ACF6A1 /* Info.plist */ = {isa = PBXFileReference; lastKnownFileType = text.plist.xml; path = Info.plist; sourceTree = "<group>"; };
		887265772107981100ACF6A1 /* LoginViewController.swift */ = {isa = PBXFileReference; lastKnownFileType = sourcecode.swift; path = LoginViewController.swift; sourceTree = "<group>"; };
		887265792107982500ACF6A1 /* HomeViewController.swift */ = {isa = PBXFileReference; lastKnownFileType = sourcecode.swift; path = HomeViewController.swift; sourceTree = "<group>"; };
		8872657B2107983900ACF6A1 /* ImageSelectViewController.swift */ = {isa = PBXFileReference; lastKnownFileType = sourcecode.swift; path = ImageSelectViewController.swift; sourceTree = "<group>"; };
		8872657D2107984A00ACF6A1 /* PostViewController.swift */ = {isa = PBXFileReference; lastKnownFileType = sourcecode.swift; path = PostViewController.swift; sourceTree = "<group>"; };
		8872657F2107985E00ACF6A1 /* SettingViewController.swift */ = {isa = PBXFileReference; lastKnownFileType = sourcecode.swift; path = SettingViewController.swift; sourceTree = "<group>"; };
		AAA2315B0F6A2B0F6E098332 /* Pods_Instagram.framework */ = {isa = PBXFileReference; explicitFileType = wrapper.framework; includeInIndex = 0; path = Pods_Instagram.framework; sourceTree = BUILT_PRODUCTS_DIR; };
		F8D47D706F3FB8533BCCF1C8 /* Pods-Instagram.release.xcconfig */ = {isa = PBXFileReference; includeInIndex = 1; lastKnownFileType = text.xcconfig; name = "Pods-Instagram.release.xcconfig"; path = "Pods/Target Support Files/Pods-Instagram/Pods-Instagram.release.xcconfig"; sourceTree = "<group>"; };
/* End PBXFileReference section */

/* Begin PBXFrameworksBuildPhase section */
		8872655F2107975D00ACF6A1 /* Frameworks */ = {
			isa = PBXFrameworksBuildPhase;
			buildActionMask = 2147483647;
			files = (
				63A65C5EF1902A36165F1839 /* Pods_Instagram.framework in Frameworks */,
			);
			runOnlyForDeploymentPostprocessing = 0;
		};
/* End PBXFrameworksBuildPhase section */

/* Begin PBXGroup section */
		1CAE566484D68A000E48958D /* Pods */ = {
			isa = PBXGroup;
			children = (
				220D117BDC0F7BA267B0F0F1 /* Pods-Instagram.debug.xcconfig */,
				F8D47D706F3FB8533BCCF1C8 /* Pods-Instagram.release.xcconfig */,
			);
			name = Pods;
			sourceTree = "<group>";
		};
		887265592107975D00ACF6A1 = {
			isa = PBXGroup;
			children = (
				887265642107975D00ACF6A1 /* Instagram */,
				887265632107975D00ACF6A1 /* Products */,
				1CAE566484D68A000E48958D /* Pods */,
				8F6F28B67A62A5C4992071B4 /* Frameworks */,
			);
			sourceTree = "<group>";
		};
		887265632107975D00ACF6A1 /* Products */ = {
			isa = PBXGroup;
			children = (
				887265622107975D00ACF6A1 /* Instagram.app */,
			);
			name = Products;
			sourceTree = "<group>";
		};
		887265642107975D00ACF6A1 /* Instagram */ = {
			isa = PBXGroup;
			children = (
				887265652107975E00ACF6A1 /* AppDelegate.swift */,
				887265672107975E00ACF6A1 /* ViewController.swift */,
				887265692107975E00ACF6A1 /* Main.storyboard */,
				8872656C2107975F00ACF6A1 /* Assets.xcassets */,
				8872656E2107975F00ACF6A1 /* LaunchScreen.storyboard */,
				887265712107975F00ACF6A1 /* Info.plist */,
				887265772107981100ACF6A1 /* LoginViewController.swift */,
				887265792107982500ACF6A1 /* HomeViewController.swift */,
				8872657B2107983900ACF6A1 /* ImageSelectViewController.swift */,
				8872657D2107984A00ACF6A1 /* PostViewController.swift */,
				8872657F2107985E00ACF6A1 /* SettingViewController.swift */,
				885857BC2108B69E008644B2 /* GoogleService-Info.plist */,
				8864AEE4210A2BB90015E289 /* Const.swift */,
				8864AEE6210A2D3E0015E289 /* PostData.swift */,
				8864AEE8210A2DCC0015E289 /* PostTableViewCell.swift */,
				8864AEE9210A2DCC0015E289 /* PostTableViewCell.xib */,
			);
			path = Instagram;
			sourceTree = "<group>";
		};
		8F6F28B67A62A5C4992071B4 /* Frameworks */ = {
			isa = PBXGroup;
			children = (
				AAA2315B0F6A2B0F6E098332 /* Pods_Instagram.framework */,
			);
			name = Frameworks;
			sourceTree = "<group>";
		};
/* End PBXGroup section */

/* Begin PBXNativeTarget section */
		887265612107975D00ACF6A1 /* Instagram */ = {
			isa = PBXNativeTarget;
			buildConfigurationList = 887265742107975F00ACF6A1 /* Build configuration list for PBXNativeTarget "Instagram" */;
			buildPhases = (
				7830CE8C0741AB19427F9D3A /* [CP] Check Pods Manifest.lock */,
				8872655E2107975D00ACF6A1 /* Sources */,
				8872655F2107975D00ACF6A1 /* Frameworks */,
				887265602107975D00ACF6A1 /* Resources */,
				BF9D30D1811741972A76BBE4 /* [CP] Embed Pods Frameworks */,
			);
			buildRules = (
			);
			dependencies = (
			);
			name = Instagram;
			productName = Instagram;
			productReference = 887265622107975D00ACF6A1 /* Instagram.app */;
			productType = "com.apple.product-type.application";
		};
/* End PBXNativeTarget section */

/* Begin PBXProject section */
		8872655A2107975D00ACF6A1 /* Project object */ = {
			isa = PBXProject;
			attributes = {
				LastSwiftUpdateCheck = 0920;
				LastUpgradeCheck = 0920;
				ORGANIZATIONNAME = cygcyg;
				TargetAttributes = {
					887265612107975D00ACF6A1 = {
						CreatedOnToolsVersion = 9.2;
						ProvisioningStyle = Automatic;
					};
				};
			};
			buildConfigurationList = 8872655D2107975D00ACF6A1 /* Build configuration list for PBXProject "Instagram" */;
			compatibilityVersion = "Xcode 8.0";
			developmentRegion = en;
			hasScannedForEncodings = 0;
			knownRegions = (
				en,
				Base,
			);
			mainGroup = 887265592107975D00ACF6A1;
			productRefGroup = 887265632107975D00ACF6A1 /* Products */;
			projectDirPath = "";
			projectRoot = "";
			targets = (
				887265612107975D00ACF6A1 /* Instagram */,
			);
		};
/* End PBXProject section */

/* Begin PBXResourcesBuildPhase section */
		887265602107975D00ACF6A1 /* Resources */ = {
			isa = PBXResourcesBuildPhase;
			buildActionMask = 2147483647;
			files = (
				887265702107975F00ACF6A1 /* LaunchScreen.storyboard in Resources */,
				8864AEEB210A2DCC0015E289 /* PostTableViewCell.xib in Resources */,
				885857BD2108B69E008644B2 /* GoogleService-Info.plist in Resources */,
				8872656D2107975F00ACF6A1 /* Assets.xcassets in Resources */,
				8872656B2107975E00ACF6A1 /* Main.storyboard in Resources */,
			);
			runOnlyForDeploymentPostprocessing = 0;
		};
/* End PBXResourcesBuildPhase section */

/* Begin PBXShellScriptBuildPhase section */
		7830CE8C0741AB19427F9D3A /* [CP] Check Pods Manifest.lock */ = {
			isa = PBXShellScriptBuildPhase;
			buildActionMask = 2147483647;
			files = (
			);
			inputPaths = (
				"${PODS_PODFILE_DIR_PATH}/Podfile.lock",
				"${PODS_ROOT}/Manifest.lock",
			);
			name = "[CP] Check Pods Manifest.lock";
			outputPaths = (
				"$(DERIVED_FILE_DIR)/Pods-Instagram-checkManifestLockResult.txt",
			);
			runOnlyForDeploymentPostprocessing = 0;
			shellPath = /bin/sh;
			shellScript = "diff \"${PODS_PODFILE_DIR_PATH}/Podfile.lock\" \"${PODS_ROOT}/Manifest.lock\" > /dev/null\nif [ $? != 0 ] ; then\n    # print error to STDERR\n    echo \"error: The sandbox is not in sync with the Podfile.lock. Run 'pod install' or update your CocoaPods installation.\" >&2\n    exit 1\nfi\n# This output is used by Xcode 'outputs' to avoid re-running this script phase.\necho \"SUCCESS\" > \"${SCRIPT_OUTPUT_FILE_0}\"\n";
			showEnvVarsInLog = 0;
		};
		BF9D30D1811741972A76BBE4 /* [CP] Embed Pods Frameworks */ = {
			isa = PBXShellScriptBuildPhase;
			buildActionMask = 12;
			files = (
			);
			inputPaths = (
				"${SRCROOT}/Pods/Target Support Files/Pods-Instagram/Pods-Instagram-frameworks.sh",
				"${BUILT_PRODUCTS_DIR}/CLImageEditor/CLImageEditor.framework",
				"${BUILT_PRODUCTS_DIR}/ESTabBarController/ESTabBarController.framework",
				"${BUILT_PRODUCTS_DIR}/GTMSessionFetcher/GTMSessionFetcher.framework",
				"${BUILT_PRODUCTS_DIR}/GoogleToolboxForMac/GoogleToolboxForMac.framework",
				"${BUILT_PRODUCTS_DIR}/SVProgressHUD/SVProgressHUD.framework",
				"${BUILT_PRODUCTS_DIR}/leveldb-library/leveldb.framework",
				"${BUILT_PRODUCTS_DIR}/nanopb/nanopb.framework",
			);
			name = "[CP] Embed Pods Frameworks";
			outputPaths = (
				"${TARGET_BUILD_DIR}/${FRAMEWORKS_FOLDER_PATH}/CLImageEditor.framework",
				"${TARGET_BUILD_DIR}/${FRAMEWORKS_FOLDER_PATH}/ESTabBarController.framework",
				"${TARGET_BUILD_DIR}/${FRAMEWORKS_FOLDER_PATH}/GTMSessionFetcher.framework",
				"${TARGET_BUILD_DIR}/${FRAMEWORKS_FOLDER_PATH}/GoogleToolboxForMac.framework",
				"${TARGET_BUILD_DIR}/${FRAMEWORKS_FOLDER_PATH}/SVProgressHUD.framework",
				"${TARGET_BUILD_DIR}/${FRAMEWORKS_FOLDER_PATH}/leveldb.framework",
				"${TARGET_BUILD_DIR}/${FRAMEWORKS_FOLDER_PATH}/nanopb.framework",
			);
			runOnlyForDeploymentPostprocessing = 0;
			shellPath = /bin/sh;
			shellScript = "\"${SRCROOT}/Pods/Target Support Files/Pods-Instagram/Pods-Instagram-frameworks.sh\"\n";
			showEnvVarsInLog = 0;
		};
/* End PBXShellScriptBuildPhase section */

/* Begin PBXSourcesBuildPhase section */
		8872655E2107975D00ACF6A1 /* Sources */ = {
			isa = PBXSourcesBuildPhase;
			buildActionMask = 2147483647;
			files = (
				8872657E2107984A00ACF6A1 /* PostViewController.swift in Sources */,
				8864AEE7210A2D3E0015E289 /* PostData.swift in Sources */,
				887265782107981100ACF6A1 /* LoginViewController.swift in Sources */,
				887265682107975E00ACF6A1 /* ViewController.swift in Sources */,
				887265662107975E00ACF6A1 /* AppDelegate.swift in Sources */,
				8872657C2107983900ACF6A1 /* ImageSelectViewController.swift in Sources */,
				8864AEE5210A2BB90015E289 /* Const.swift in Sources */,
				8864AEEA210A2DCC0015E289 /* PostTableViewCell.swift in Sources */,
				887265802107985E00ACF6A1 /* SettingViewController.swift in Sources */,
				8872657A2107982500ACF6A1 /* HomeViewController.swift in Sources */,
			);
			runOnlyForDeploymentPostprocessing = 0;
		};
/* End PBXSourcesBuildPhase section */

/* Begin PBXVariantGroup section */
		887265692107975E00ACF6A1 /* Main.storyboard */ = {
			isa = PBXVariantGroup;
			children = (
				8872656A2107975E00ACF6A1 /* Base */,
			);
			name = Main.storyboard;
			sourceTree = "<group>";
		};
		8872656E2107975F00ACF6A1 /* LaunchScreen.storyboard */ = {
			isa = PBXVariantGroup;
			children = (
				8872656F2107975F00ACF6A1 /* Base */,
			);
			name = LaunchScreen.storyboard;
			sourceTree = "<group>";
		};
/* End PBXVariantGroup section */

/* Begin XCBuildConfiguration section */
		887265722107975F00ACF6A1 /* Debug */ = {
			isa = XCBuildConfiguration;
			buildSettings = {
				ALWAYS_SEARCH_USER_PATHS = NO;
				CLANG_ANALYZER_NONNULL = YES;
				CLANG_ANALYZER_NUMBER_OBJECT_CONVERSION = YES_AGGRESSIVE;
				CLANG_CXX_LANGUAGE_STANDARD = "gnu++14";
				CLANG_CXX_LIBRARY = "libc++";
				CLANG_ENABLE_MODULES = YES;
				CLANG_ENABLE_OBJC_ARC = YES;
				CLANG_WARN_BLOCK_CAPTURE_AUTORELEASING = YES;
				CLANG_WARN_BOOL_CONVERSION = YES;
				CLANG_WARN_COMMA = YES;
				CLANG_WARN_CONSTANT_CONVERSION = YES;
				CLANG_WARN_DIRECT_OBJC_ISA_USAGE = YES_ERROR;
				CLANG_WARN_DOCUMENTATION_COMMENTS = YES;
				CLANG_WARN_EMPTY_BODY = YES;
				CLANG_WARN_ENUM_CONVERSION = YES;
				CLANG_WARN_INFINITE_RECURSION = YES;
				CLANG_WARN_INT_CONVERSION = YES;
				CLANG_WARN_NON_LITERAL_NULL_CONVERSION = YES;
				CLANG_WARN_OBJC_LITERAL_CONVERSION = YES;
				CLANG_WARN_OBJC_ROOT_CLASS = YES_ERROR;
				CLANG_WARN_RANGE_LOOP_ANALYSIS = YES;
				CLANG_WARN_STRICT_PROTOTYPES = YES;
				CLANG_WARN_SUSPICIOUS_MOVE = YES;
				CLANG_WARN_UNGUARDED_AVAILABILITY = YES_AGGRESSIVE;
				CLANG_WARN_UNREACHABLE_CODE = YES;
				CLANG_WARN__DUPLICATE_METHOD_MATCH = YES;
				CODE_SIGN_IDENTITY = "iPhone Developer";
				COPY_PHASE_STRIP = NO;
				DEBUG_INFORMATION_FORMAT = dwarf;
				ENABLE_STRICT_OBJC_MSGSEND = YES;
				ENABLE_TESTABILITY = YES;
				GCC_C_LANGUAGE_STANDARD = gnu11;
				GCC_DYNAMIC_NO_PIC = NO;
				GCC_NO_COMMON_BLOCKS = YES;
				GCC_OPTIMIZATION_LEVEL = 0;
				GCC_PREPROCESSOR_DEFINITIONS = (
					"DEBUG=1",
					"$(inherited)",
				);
				GCC_WARN_64_TO_32_BIT_CONVERSION = YES;
				GCC_WARN_ABOUT_RETURN_TYPE = YES_ERROR;
				GCC_WARN_UNDECLARED_SELECTOR = YES;
				GCC_WARN_UNINITIALIZED_AUTOS = YES_AGGRESSIVE;
				GCC_WARN_UNUSED_FUNCTION = YES;
				GCC_WARN_UNUSED_VARIABLE = YES;
				IPHONEOS_DEPLOYMENT_TARGET = 11.2;
				MTL_ENABLE_DEBUG_INFO = YES;
				ONLY_ACTIVE_ARCH = YES;
				SDKROOT = iphoneos;
				SWIFT_ACTIVE_COMPILATION_CONDITIONS = DEBUG;
				SWIFT_OPTIMIZATION_LEVEL = "-Onone";
			};
			name = Debug;
		};
		887265732107975F00ACF6A1 /* Release */ = {
			isa = XCBuildConfiguration;
			buildSettings = {
				ALWAYS_SEARCH_USER_PATHS = NO;
				CLANG_ANALYZER_NONNULL = YES;
				CLANG_ANALYZER_NUMBER_OBJECT_CONVERSION = YES_AGGRESSIVE;
				CLANG_CXX_LANGUAGE_STANDARD = "gnu++14";
				CLANG_CXX_LIBRARY = "libc++";
				CLANG_ENABLE_MODULES = YES;
				CLANG_ENABLE_OBJC_ARC = YES;
				CLANG_WARN_BLOCK_CAPTURE_AUTORELEASING = YES;
				CLANG_WARN_BOOL_CONVERSION = YES;
				CLANG_WARN_COMMA = YES;
				CLANG_WARN_CONSTANT_CONVERSION = YES;
				CLANG_WARN_DIRECT_OBJC_ISA_USAGE = YES_ERROR;
				CLANG_WARN_DOCUMENTATION_COMMENTS = YES;
				CLANG_WARN_EMPTY_BODY = YES;
				CLANG_WARN_ENUM_CONVERSION = YES;
				CLANG_WARN_INFINITE_RECURSION = YES;
				CLANG_WARN_INT_CONVERSION = YES;
				CLANG_WARN_NON_LITERAL_NULL_CONVERSION = YES;
				CLANG_WARN_OBJC_LITERAL_CONVERSION = YES;
				CLANG_WARN_OBJC_ROOT_CLASS = YES_ERROR;
				CLANG_WARN_RANGE_LOOP_ANALYSIS = YES;
				CLANG_WARN_STRICT_PROTOTYPES = YES;
				CLANG_WARN_SUSPICIOUS_MOVE = YES;
				CLANG_WARN_UNGUARDED_AVAILABILITY = YES_AGGRESSIVE;
				CLANG_WARN_UNREACHABLE_CODE = YES;
				CLANG_WARN__DUPLICATE_METHOD_MATCH = YES;
				CODE_SIGN_IDENTITY = "iPhone Developer";
				COPY_PHASE_STRIP = NO;
				DEBUG_INFORMATION_FORMAT = "dwarf-with-dsym";
				ENABLE_NS_ASSERTIONS = NO;
				ENABLE_STRICT_OBJC_MSGSEND = YES;
				GCC_C_LANGUAGE_STANDARD = gnu11;
				GCC_NO_COMMON_BLOCKS = YES;
				GCC_WARN_64_TO_32_BIT_CONVERSION = YES;
				GCC_WARN_ABOUT_RETURN_TYPE = YES_ERROR;
				GCC_WARN_UNDECLARED_SELECTOR = YES;
				GCC_WARN_UNINITIALIZED_AUTOS = YES_AGGRESSIVE;
				GCC_WARN_UNUSED_FUNCTION = YES;
				GCC_WARN_UNUSED_VARIABLE = YES;
				IPHONEOS_DEPLOYMENT_TARGET = 11.2;
				MTL_ENABLE_DEBUG_INFO = NO;
				SDKROOT = iphoneos;
				SWIFT_OPTIMIZATION_LEVEL = "-Owholemodule";
				VALIDATE_PRODUCT = YES;
			};
			name = Release;
		};
		887265752107975F00ACF6A1 /* Debug */ = {
			isa = XCBuildConfiguration;
			baseConfigurationReference = 220D117BDC0F7BA267B0F0F1 /* Pods-Instagram.debug.xcconfig */;
			buildSettings = {
				ASSETCATALOG_COMPILER_APPICON_NAME = AppIcon;
				CODE_SIGN_STYLE = Automatic;
				DEVELOPMENT_TEAM = Y6FGM7U693;
				INFOPLIST_FILE = Instagram/Info.plist;
				LD_RUNPATH_SEARCH_PATHS = "$(inherited) @executable_path/Frameworks";
				PRODUCT_BUNDLE_IDENTIFIER = jp.techacademy.cygcyg.Instagram;
				PRODUCT_NAME = "$(TARGET_NAME)";
				SWIFT_VERSION = 4.0;
				TARGETED_DEVICE_FAMILY = 1;
			};
			name = Debug;
		};
		887265762107975F00ACF6A1 /* Release */ = {
			isa = XCBuildConfiguration;
			baseConfigurationReference = F8D47D706F3FB8533BCCF1C8 /* Pods-Instagram.release.xcconfig */;
			buildSettings = {
				ASSETCATALOG_COMPILER_APPICON_NAME = AppIcon;
				CODE_SIGN_STYLE = Automatic;
				DEVELOPMENT_TEAM = Y6FGM7U693;
				INFOPLIST_FILE = Instagram/Info.plist;
				LD_RUNPATH_SEARCH_PATHS = "$(inherited) @executable_path/Frameworks";
				PRODUCT_BUNDLE_IDENTIFIER = jp.techacademy.cygcyg.Instagram;
				PRODUCT_NAME = "$(TARGET_NAME)";
				SWIFT_VERSION = 4.0;
				TARGETED_DEVICE_FAMILY = 1;
			};
			name = Release;
		};
/* End XCBuildConfiguration section */

/* Begin XCConfigurationList section */
		8872655D2107975D00ACF6A1 /* Build configuration list for PBXProject "Instagram" */ = {
			isa = XCConfigurationList;
			buildConfigurations = (
				887265722107975F00ACF6A1 /* Debug */,
				887265732107975F00ACF6A1 /* Release */,
			);
			defaultConfigurationIsVisible = 0;
			defaultConfigurationName = Release;
		};
		887265742107975F00ACF6A1 /* Build configuration list for PBXNativeTarget "Instagram" */ = {
			isa = XCConfigurationList;
			buildConfigurations = (
				887265752107975F00ACF6A1 /* Debug */,
				887265762107975F00ACF6A1 /* Release */,
			);
			defaultConfigurationIsVisible = 0;
			defaultConfigurationName = Release;
		};
/* End XCConfigurationList section */
	};
	rootObject = 8872655A2107975D00ACF6A1 /* Project object */;
}
